
Microsoft Visual Studio Solution File, Format Version 12.00
# Visual Studio 15
Project("{FAE04EC0-301F-11D3-BF4B-00C04F79EFBC}") = "CurrencyApi", "CurrencyApi\CurrencyApi.csproj", "{AA897EF6-87D0-47C3-92A8-C4628E0AF4D4}"
EndProject
Global
	GlobalSection(SolutionConfigurationPlatforms) = preSolution
		Debug|Any CPU = Debug|Any CPU
		Release|Any CPU = Release|Any CPU
	EndGlobalSection
	GlobalSection(ProjectConfigurationPlatforms) = postSolution
		{AA897EF6-87D0-47C3-92A8-C4628E0AF4D4}.Debug|Any CPU.ActiveCfg = Debug|Any CPU
		{AA897EF6-87D0-47C3-92A8-C4628E0AF4D4}.Debug|Any CPU.Build.0 = Debug|Any CPU
		{AA897EF6-87D0-47C3-92A8-C4628E0AF4D4}.Release|Any CPU.ActiveCfg = Release|Any CPU
		{AA897EF6-87D0-47C3-92A8-C4628E0AF4D4}.Release|Any CPU.Build.0 = Release|Any CPU
	EndGlobalSection
EndGlobal
